%{
  "bandit": {:hex, :bandit, "1.8.0", "c2e93d7e3c5c794272fa4623124f827c6f24b643acc822be64c826f9447d92fb", [:mix], [{:hpax, "~> 1.0", [hex: :hpax, repo: "hexpm", optional: false]}, {:plug, "~> 1.18", [hex: :plug, repo: "hexpm", optional: false]}, {:telemetry, "~> 0.4 or ~> 1.0", [hex: :telemetry, repo: "hexpm", optional: false]}, {:thousand_island, "~> 1.0", [hex: :thousand_island, repo: "hexpm", optional: false]}, {:websock, "~> 0.5", [hex: :websock, repo: "hexpm", optional: false]}], "hexpm", "8458ff4eed20ff2a2ea69d4854883a077c33ea42b51f6811b044ceee0fa15422"},
  "castore": {:hex, :castore, "1.0.15", "8aa930c890fe18b6fe0a0cff27b27d0d4d231867897bd23ea772dee561f032a3", [:mix], [], "hexpm", "96ce4c69d7d5d7a0761420ef743e2f4096253931a3ba69e5ff8ef1844fe446d3"},
  "complex": {:hex, :complex, "0.6.0", "b0130086a7a8c33574d293b2e0e250f4685580418eac52a5658a4bd148f3ccf1", [:mix], [], "hexpm", "0a5fa95580dcaf30fcd60fe1aaf24327c0fe401e98c24d892e172e79498269f9"},
  "elixir_make": {:hex, :elixir_make, "0.9.0", "6484b3cd8c0cee58f09f05ecaf1a140a8c97670671a6a0e7ab4dc326c3109726", [:mix], [], "hexpm", "db23d4fd8b757462ad02f8aa73431a426fe6671c80b200d9710caf3d1dd0ffdb"},
  "evision": {:hex, :evision, "0.2.14", "6005e44b38ea61a33109694c5b097d42e81c767723c55d0c230d9662d6c87987", [:make, :mix, :rebar3], [{:castore, "~> 0.1 or ~> 1.0", [hex: :castore, repo: "hexpm", optional: false]}, {:elixir_make, "~> 0.7", [hex: :elixir_make, repo: "hexpm", optional: false]}, {:kino, "~> 0.11", [hex: :kino, repo: "hexpm", optional: true]}, {:nx, "~> 0.6", [hex: :nx, repo: "hexpm", optional: false]}, {:progress_bar, "~> 2.0 or ~> 3.0", [hex: :progress_bar, repo: "hexpm", optional: true]}], "hexpm", "630714395f2c242e488944b4c9c75a5de96cbb95d3cbb69f0525bdb3e0a88775"},
  "gen_stage": {:hex, :gen_stage, "1.0.0", "51c8ae56ff54f9a2a604ca583798c210ad245f415115453b773b621c49776df5", [:mix], [], "hexpm", "1d9fc978db5305ac54e6f5fec7adf80cd893b1000cf78271564c516aa2af7706"},
  "hpax": {:hex, :hpax, "1.0.3", "ed67ef51ad4df91e75cc6a1494f851850c0bd98ebc0be6e81b026e765ee535aa", [:mix], [], "hexpm", "8eab6e1cfa8d5918c2ce4ba43588e894af35dbd8e91e6e55c817bca5847df34a"},
  "jason": {:hex, :jason, "1.4.4", "b9226785a9aa77b6857ca22832cffa5d5011a667207eb2a0ad56adb5db443b8a", [:mix], [{:decimal, "~> 1.0 or ~> 2.0", [hex: :decimal, repo: "hexpm", optional: true]}], "hexpm", "c5eb0cab91f094599f94d55bc63409236a8ec69a21a67814529e8d5f6cc90b3b"},
  "mime": {:hex, :mime, "2.0.7", "b8d739037be7cd402aee1ba0306edfdef982687ee7e9859bee6198c1e7e2f128", [:mix], [], "hexpm", "6171188e399ee16023ffc5b76ce445eb6d9672e2e241d2df6050f3c771e80ccd"},
  "msgpax": {:hex, :msgpax, "2.4.0", "4647575c87cb0c43b93266438242c21f71f196cafa268f45f91498541148c15d", [:mix], [{:plug, "~> 1.0", [hex: :plug, repo: "hexpm", optional: true]}], "hexpm", "ca933891b0e7075701a17507c61642bf6e0407bb244040d5d0a58597a06369d2"},
  "nx": {:hex, :nx, "0.10.0", "128e4a094cb790f663e20e1334b127c1f2a4df54edfb8b13c22757ec33133b4f", [:mix], [{:complex, "~> 0.6", [hex: :complex, repo: "hexpm", optional: false]}, {:telemetry, "~> 0.4.0 or ~> 1.0", [hex: :telemetry, repo: "hexpm", optional: false]}], "hexpm", "3db8892c124aeee091df0e6fbf8e5bf1b81f502eb0d4f5ba63e6378ebcae7da4"},
  "plug": {:hex, :plug, "1.18.1", "5067f26f7745b7e31bc3368bc1a2b818b9779faa959b49c934c17730efc911cf", [:mix], [{:mime, "~> 1.0 or ~> 2.0", [hex: :mime, repo: "hexpm", optional: false]}, {:plug_crypto, "~> 1.1.1 or ~> 1.2 or ~> 2.0", [hex: :plug_crypto, repo: "hexpm", optional: false]}, {:telemetry, "~> 0.4.3 or ~> 1.0", [hex: :telemetry, repo: "hexpm", optional: false]}], "hexpm", "57a57db70df2b422b564437d2d33cf8d33cd16339c1edb190cd11b1a3a546cc2"},
  "plug_crypto": {:hex, :plug_crypto, "2.1.1", "19bda8184399cb24afa10be734f84a16ea0a2bc65054e23a62bb10f06bc89491", [:mix], [], "hexpm", "6470bce6ffe41c8bd497612ffde1a7e4af67f36a15eea5f921af71cf3e11247c"},
  "ranch": {:hex, :ranch, "2.2.0", "25528f82bc8d7c6152c57666ca99ec716510fe0925cb188172f41ce93117b1b0", [:make, :rebar3], [], "hexpm", "fa0b99a1780c80218a4197a59ea8d3bdae32fbff7e88527d7d8a4787eff4f8e7"},
  "telemetry": {:hex, :telemetry, "1.3.0", "fedebbae410d715cf8e7062c96a1ef32ec22e764197f70cda73d82778d61e7a2", [:rebar3], [], "hexpm", "7015fc8919dbe63764f4b4b87a95b7c0996bd539e0d499be6ec9d7f3875b79e6"},
  "thousand_island": {:hex, :thousand_island, "1.4.1", "8df065e627407e281f7935da5ad0f3842d10eb721afa92e760b720d71e2e37aa", [:mix], [{:telemetry, "~> 0.4 or ~> 1.0", [hex: :telemetry, repo: "hexpm", optional: false]}], "hexpm", "204a8640e5d2818589b87286ae66160978628d7edf6095181cbe0440765fb6c1"},
  "websock": {:hex, :websock, "0.5.3", "2f69a6ebe810328555b6fe5c831a851f485e303a7c8ce6c5f675abeb20ebdadc", [:mix], [], "hexpm", "6105453d7fac22c712ad66fab1d45abdf049868f253cf719b625151460b8b453"},
  "websock_adapter": {:hex, :websock_adapter, "0.5.8", "3b97dc94e407e2d1fc666b2fb9acf6be81a1798a2602294aac000260a7c4a47d", [:mix], [{:bandit, ">= 0.6.0", [hex: :bandit, repo: "hexpm", optional: true]}, {:plug, "~> 1.14", [hex: :plug, repo: "hexpm", optional: false]}, {:plug_cowboy, "~> 2.6", [hex: :plug_cowboy, repo: "hexpm", optional: true]}, {:websock, "~> 0.5", [hex: :websock, repo: "hexpm", optional: false]}], "hexpm", "315b9a1865552212b5f35140ad194e67ce31af45bcee443d4ecb96b5fd3f3782"},
}
